
Microsoft Visual Studio Solution File, Format Version 12.00
# Visual Studio Version 18
VisualStudioVersion = 18.0.11217.181
MinimumVisualStudioVersion = 10.0.40219.1
Project("{9A19103F-16F7-4668-BE54-9A1E7A4F7556}") = "LM-Kit-Maestro", "LM-Kit-Maestro\LM-Kit-Maestro.csproj", "{CA06766A-A00F-4496-8992-0944994AFB9F}"
EndProject
Global
	GlobalSection(SolutionConfigurationPlatforms) = preSolution
		Debug|Any CPU = Debug|Any CPU
		Release|Any CPU = Release|Any CPU
	EndGlobalSection
	GlobalSection(ProjectConfigurationPlatforms) = postSolution
		{CA06766A-A00F-4496-8992-0944994AFB9F}.Debug|Any CPU.ActiveCfg = Debug|Any CPU
		{CA06766A-A00F-4496-8992-0944994AFB9F}.Debug|Any CPU.Build.0 = Debug|Any CPU
		{CA06766A-A00F-4496-8992-0944994AFB9F}.Debug|Any CPU.Deploy.0 = Debug|Any CPU
		{CA06766A-A00F-4496-8992-0944994AFB9F}.Release|Any CPU.ActiveCfg = Release|Any CPU
		{CA06766A-A00F-4496-8992-0944994AFB9F}.Release|Any CPU.Build.0 = Release|Any CPU
		{CA06766A-A00F-4496-8992-0944994AFB9F}.Release|Any CPU.Deploy.0 = Release|Any CPU
	EndGlobalSection
	GlobalSection(SolutionProperties) = preSolution
		HideSolutionNode = FALSE
	EndGlobalSection
	GlobalSection(ExtensibilityGlobals) = postSolution
		SolutionGuid = {416A0EEC-3B05-40E2-AB90-DC69F9E18DDE}
	EndGlobalSection
EndGlobal
